
Microsoft Visual Studio Solution File, Format Version 12.00
# Visual Studio 15
VisualStudioVersion = 15.0.27428.2015
MinimumVisualStudioVersion = 10.0.40219.1
Project("{FAE04EC0-301F-11D3-BF4B-00C04F79EFBC}") = "FileWatcherServiceWithTopShelf", "FileWatcherServiceWithTopShelf\FileWatcherServiceWithTopShelf.csproj", "{21C3702D-B371-4B0F-AB97-E6144F9BCFFA}"
EndProject
Global
	GlobalSection(SolutionConfigurationPlatforms) = preSolution
		Debug|Any CPU = Debug|Any CPU
		Release|Any CPU = Release|Any CPU
	EndGlobalSection
	GlobalSection(ProjectConfigurationPlatforms) = postSolution
		{21C3702D-B371-4B0F-AB97-E6144F9BCFFA}.Debug|Any CPU.ActiveCfg = Debug|Any CPU
		{21C3702D-B371-4B0F-AB97-E6144F9BCFFA}.Debug|Any CPU.Build.0 = Debug|Any CPU
		{21C3702D-B371-4B0F-AB97-E6144F9BCFFA}.Release|Any CPU.ActiveCfg = Release|Any CPU
		{21C3702D-B371-4B0F-AB97-E6144F9BCFFA}.Release|Any CPU.Build.0 = Release|Any CPU
	EndGlobalSection
	GlobalSection(SolutionProperties) = preSolution
		HideSolutionNode = FALSE
	EndGlobalSection
	GlobalSection(ExtensibilityGlobals) = postSolution
		SolutionGuid = {F3C6FA5C-A501-435E-9C9B-C8F1CF4C4D19}
	EndGlobalSection
EndGlobal
